// !$*UTF8*$!
{
	archiveVersion = 1;
	classes = {
	};
	objectVersion = 46;
	objects = {

/* Begin PBXBuildFile section */
		E2070C001C751D9C0087D8E9 /* main.m in Sources */ = {isa = PBXBuildFile; fileRef = E2070BFF1C751D9C0087D8E9 /* main.m */; };
		E2070C031C751D9C0087D8E9 /* AppDelegate.m in Sources */ = {isa = PBXBuildFile; fileRef = E2070C021C751D9C0087D8E9 /* AppDelegate.m */; };
		E2070C061C751D9C0087D8E9 /* ViewController.m in Sources */ = {isa = PBXBuildFile; fileRef = E2070C051C751D9C0087D8E9 /* ViewController.m */; };
		E2070C091C751D9C0087D8E9 /* Main.storyboard in Resources */ = {isa = PBXBuildFile; fileRef = E2070C071C751D9C0087D8E9 /* Main.storyboard */; };
		E2070C0B1C751D9C0087D8E9 /* Assets.xcassets in Resources */ = {isa = PBXBuildFile; fileRef = E2070C0A1C751D9C0087D8E9 /* Assets.xcassets */; };
		E2070C0E1C751D9C0087D8E9 /* LaunchScreen.storyboard in Resources */ = {isa = PBXBuildFile; fileRef = E2070C0C1C751D9C0087D8E9 /* LaunchScreen.storyboard */; };
		E2070C1A1C75AA0E0087D8E9 /* Person.m in Sources */ = {isa = PBXBuildFile; fileRef = E2070C191C75AA0E0087D8E9 /* Person.m */; };
		E210D8C31C7C19960002AC98 /* minimal.png in Resources */ = {isa = PBXBuildFile; fileRef = E210D8C21C7C19960002AC98 /* minimal.png */; };
/* End PBXBuildFile section */

/* Begin PBXFileReference section */
		E2070BFB1C751D9C0087D8E9 /* bmr.app */ = {isa = PBXFileReference; explicitFileType = wrapper.application; includeInIndex = 0; path = bmr.app; sourceTree = BUILT_PRODUCTS_DIR; };
		E2070BFF1C751D9C0087D8E9 /* main.m */ = {isa = PBXFileReference; lastKnownFileType = sourcecode.c.objc; path = main.m; sourceTree = "<group>"; };
		E2070C011C751D9C0087D8E9 /* AppDelegate.h */ = {isa = PBXFileReference; lastKnownFileType = sourcecode.c.h; path = AppDelegate.h; sourceTree = "<group>"; };
		E2070C021C751D9C0087D8E9 /* AppDelegate.m */ = {isa = PBXFileReference; lastKnownFileType = sourcecode.c.objc; path = AppDelegate.m; sourceTree = "<group>"; };
		E2070C041C751D9C0087D8E9 /* ViewController.h */ = {isa = PBXFileReference; lastKnownFileType = sourcecode.c.h; path = ViewController.h; sourceTree = "<group>"; };
		E2070C051C751D9C0087D8E9 /* ViewController.m */ = {isa = PBXFileReference; lastKnownFileType = sourcecode.c.objc; path = ViewController.m; sourceTree = "<group>"; };
		E2070C081C751D9C0087D8E9 /* Base */ = {isa = PBXFileReference; lastKnownFileType = file.storyboard; name = Base; path = Base.lproj/Main.storyboard; sourceTree = "<group>"; };
		E2070C0A1C751D9C0087D8E9 /* Assets.xcassets */ = {isa = PBXFileReference; lastKnownFileType = folder.assetcatalog; path = Assets.xcassets; sourceTree = "<group>"; };
		E2070C0D1C751D9C0087D8E9 /* Base */ = {isa = PBXFileReference; lastKnownFileType = file.storyboard; name = Base; path = Base.lproj/LaunchScreen.storyboard; sourceTree = "<group>"; };
		E2070C0F1C751D9C0087D8E9 /* Info.plist */ = {isa = PBXFileReference; lastKnownFileType = text.plist.xml; path = Info.plist; sourceTree = "<group>"; };
		E2070C181C75AA0E0087D8E9 /* Person.h */ = {isa = PBXFileReference; fileEncoding = 4; lastKnownFileType = sourcecode.c.h; path = Person.h; sourceTree = "<group>"; };
		E2070C191C75AA0E0087D8E9 /* Person.m */ = {isa = PBXFileReference; fileEncoding = 4; lastKnownFileType = sourcecode.c.objc; path = Person.m; sourceTree = "<group>"; };
		E210D8C21C7C19960002AC98 /* minimal.png */ = {isa = PBXFileReference; lastKnownFileType = image.png; path = minimal.png; sourceTree = SOURCE_ROOT; };
/* End PBXFileReference section */

/* Begin PBXFrameworksBuildPhase section */
		E2070BF81C751D9C0087D8E9 /* Frameworks */ = {
			isa = PBXFrameworksBuildPhase;
			buildActionMask = 2147483647;
			files = (
			);
			runOnlyForDeploymentPostprocessing = 0;
		};
/* End PBXFrameworksBuildPhase section */

/* Begin PBXGroup section */
		E2070BF21C751D9C0087D8E9 = {
			isa = PBXGroup;
			children = (
				E2070BFD1C751D9C0087D8E9 /* bmr */,
				E2070BFC1C751D9C0087D8E9 /* Products */,
			);
			sourceTree = "<group>";
		};
		E2070BFC1C751D9C0087D8E9 /* Products */ = {
			isa = PBXGroup;
			children = (
				E2070BFB1C751D9C0087D8E9 /* bmr.app */,
			);
			name = Products;
			sourceTree = "<group>";
		};
		E2070BFD1C751D9C0087D8E9 /* bmr */ = {
			isa = PBXGroup;
			children = (
				E210D8C21C7C19960002AC98 /* minimal.png */,
				E2070C011C751D9C0087D8E9 /* AppDelegate.h */,
				E2070C021C751D9C0087D8E9 /* AppDelegate.m */,
				E2070C041C751D9C0087D8E9 /* ViewController.h */,
				E2070C051C751D9C0087D8E9 /* ViewController.m */,
				E2070C181C75AA0E0087D8E9 /* Person.h */,
				E2070C191C75AA0E0087D8E9 /* Person.m */,
				E2070C071C751D9C0087D8E9 /* Main.storyboard */,
				E2070C0A1C751D9C0087D8E9 /* Assets.xcassets */,
				E2070C0C1C751D9C0087D8E9 /* LaunchScreen.storyboard */,
				E2070C0F1C751D9C0087D8E9 /* Info.plist */,
				E2070BFE1C751D9C0087D8E9 /* Supporting Files */,
			);
			path = bmr;
			sourceTree = "<group>";
		};
		E2070BFE1C751D9C0087D8E9 /* Supporting Files */ = {
			isa = PBXGroup;
			children = (
				E2070BFF1C751D9C0087D8E9 /* main.m */,
			);
			name = "Supporting Files";
			sourceTree = "<group>";
		};
/* End PBXGroup section */

/* Begin PBXNativeTarget section */
		E2070BFA1C751D9C0087D8E9 /* bmr */ = {
			isa = PBXNativeTarget;
			buildConfigurationList = E2070C121C751D9C0087D8E9 /* Build configuration list for PBXNativeTarget "bmr" */;
			buildPhases = (
				E2070BF71C751D9C0087D8E9 /* Sources */,
				E2070BF81C751D9C0087D8E9 /* Frameworks */,
				E2070BF91C751D9C0087D8E9 /* Resources */,
			);
			buildRules = (
			);
			dependencies = (
			);
			name = bmr;
			productName = bmr;
			productReference = E2070BFB1C751D9C0087D8E9 /* bmr.app */;
			productType = "com.apple.product-type.application";
		};
/* End PBXNativeTarget section */

/* Begin PBXProject section */
		E2070BF31C751D9C0087D8E9 /* Project object */ = {
			isa = PBXProject;
			attributes = {
				LastUpgradeCheck = 0720;
				ORGANIZATIONNAME = "Deshawn Dana";
				TargetAttributes = {
					E2070BFA1C751D9C0087D8E9 = {
						CreatedOnToolsVersion = 7.2;
					};
				};
			};
			buildConfigurationList = E2070BF61C751D9C0087D8E9 /* Build configuration list for PBXProject "bmr" */;
			compatibilityVersion = "Xcode 3.2";
			developmentRegion = English;
			hasScannedForEncodings = 0;
			knownRegions = (
				en,
				Base,
			);
			mainGroup = E2070BF21C751D9C0087D8E9;
			productRefGroup = E2070BFC1C751D9C0087D8E9 /* Products */;
			projectDirPath = "";
			projectRoot = "";
			targets = (
				E2070BFA1C751D9C0087D8E9 /* bmr */,
			);
		};
/* End PBXProject section */

/* Begin PBXResourcesBuildPhase section */
		E2070BF91C751D9C0087D8E9 /* Resources */ = {
			isa = PBXResourcesBuildPhase;
			buildActionMask = 2147483647;
			files = (
				E2070C0E1C751D9C0087D8E9 /* LaunchScreen.storyboard in Resources */,
				E210D8C31C7C19960002AC98 /* minimal.png in Resources */,
				E2070C0B1C751D9C0087D8E9 /* Assets.xcassets in Resources */,
				E2070C091C751D9C0087D8E9 /* Main.storyboard in Resources */,
			);
			runOnlyForDeploymentPostprocessing = 0;
		};
/* End PBXResourcesBuildPhase section */

/* Begin PBXSourcesBuildPhase section */
		E2070BF71C751D9C0087D8E9 /* Sources */ = {
			isa = PBXSourcesBuildPhase;
			buildActionMask = 2147483647;
			files = (
				E2070C061C751D9C0087D8E9 /* ViewController.m in Sources */,
				E2070C031C751D9C0087D8E9 /* AppDelegate.m in Sources */,
				E2070C1A1C75AA0E0087D8E9 /* Person.m in Sources */,
				E2070C001C751D9C0087D8E9 /* main.m in Sources */,
			);
			runOnlyForDeploymentPostprocessing = 0;
		};
/* End PBXSourcesBuildPhase section */

/* Begin PBXVariantGroup section */
		E2070C071C751D9C0087D8E9 /* Main.storyboard */ = {
			isa = PBXVariantGroup;
			children = (
				E2070C081C751D9C0087D8E9 /* Base */,
			);
			name = Main.storyboard;
			sourceTree = "<group>";
		};
		E2070C0C1C751D9C0087D8E9 /* LaunchScreen.storyboard */ = {
			isa = PBXVariantGroup;
			children = (
				E2070C0D1C751D9C0087D8E9 /* Base */,
			);
			name = LaunchScreen.storyboard;
			sourceTree = "<group>";
		};
/* End PBXVariantGroup section */

/* Begin XCBuildConfiguration section */
		E2070C101C751D9C0087D8E9 /* Debug */ = {
			isa = XCBuildConfiguration;
			buildSettings = {
				ALWAYS_SEARCH_USER_PATHS = NO;
				CLANG_CXX_LANGUAGE_STANDARD = "gnu++0x";
				CLANG_CXX_LIBRARY = "libc++";
				CLANG_ENABLE_MODULES = YES;
				CLANG_ENABLE_OBJC_ARC = YES;
				CLANG_WARN_BOOL_CONVERSION = YES;
				CLANG_WARN_CONSTANT_CONVERSION = YES;
				CLANG_WARN_DIRECT_OBJC_ISA_USAGE = YES_ERROR;
				CLANG_WARN_EMPTY_BODY = YES;
				CLANG_WARN_ENUM_CONVERSION = YES;
				CLANG_WARN_INT_CONVERSION = YES;
				CLANG_WARN_OBJC_ROOT_CLASS = YES_ERROR;
				CLANG_WARN_UNREACHABLE_CODE = YES;
				CLANG_WARN__DUPLICATE_METHOD_MATCH = YES;
				"CODE_SIGN_IDENTITY[sdk=iphoneos*]" = "iPhone Developer";
				COPY_PHASE_STRIP = NO;
				DEBUG_INFORMATION_FORMAT = dwarf;
				ENABLE_STRICT_OBJC_MSGSEND = YES;
				ENABLE_TESTABILITY = YES;
				GCC_C_LANGUAGE_STANDARD = gnu99;
				GCC_DYNAMIC_NO_PIC = NO;
				GCC_NO_COMMON_BLOCKS = YES;
				GCC_OPTIMIZATION_LEVEL = 0;
				GCC_PREPROCESSOR_DEFINITIONS = (
					"DEBUG=1",
					"$(inherited)",
				);
				GCC_WARN_64_TO_32_BIT_CONVERSION = YES;
				GCC_WARN_ABOUT_RETURN_TYPE = YES_ERROR;
				GCC_WARN_UNDECLARED_SELECTOR = YES;
				GCC_WARN_UNINITIALIZED_AUTOS = YES_AGGRESSIVE;
				GCC_WARN_UNUSED_FUNCTION = YES;
				GCC_WARN_UNUSED_VARIABLE = YES;
				IPHONEOS_DEPLOYMENT_TARGET = 9.2;
				MTL_ENABLE_DEBUG_INFO = YES;
				ONLY_ACTIVE_ARCH = YES;
				SDKROOT = iphoneos;
				TARGETED_DEVICE_FAMILY = "1,2";
			};
			name = Debug;
		};
		E2070C111C751D9C0087D8E9 /* Release */ = {
			isa = XCBuildConfiguration;
			buildSettings = {
				ALWAYS_SEARCH_USER_PATHS = NO;
				CLANG_CXX_LANGUAGE_STANDARD = "gnu++0x";
				CLANG_CXX_LIBRARY = "libc++";
				CLANG_ENABLE_MODULES = YES;
				CLANG_ENABLE_OBJC_ARC = YES;
				CLANG_WARN_BOOL_CONVERSION = YES;
				CLANG_WARN_CONSTANT_CONVERSION = YES;
				CLANG_WARN_DIRECT_OBJC_ISA_USAGE = YES_ERROR;
				CLANG_WARN_EMPTY_BODY = YES;
				CLANG_WARN_ENUM_CONVERSION = YES;
				CLANG_WARN_INT_CONVERSION = YES;
				CLANG_WARN_OBJC_ROOT_CLASS = YES_ERROR;
				CLANG_WARN_UNREACHABLE_CODE = YES;
				CLANG_WARN__DUPLICATE_METHOD_MATCH = YES;
				"CODE_SIGN_IDENTITY[sdk=iphoneos*]" = "iPhone Developer";
				COPY_PHASE_STRIP = NO;
				DEBUG_INFORMATION_FORMAT = "dwarf-with-dsym";
				ENABLE_NS_ASSERTIONS = NO;
				ENABLE_STRICT_OBJC_MSGSEND = YES;
				GCC_C_LANGUAGE_STANDARD = gnu99;
				GCC_NO_COMMON_BLOCKS = YES;
				GCC_WARN_64_TO_32_BIT_CONVERSION = YES;
				GCC_WARN_ABOUT_RETURN_TYPE = YES_ERROR;
				GCC_WARN_UNDECLARED_SELECTOR = YES;
				GCC_WARN_UNINITIALIZED_AUTOS = YES_AGGRESSIVE;
				GCC_WARN_UNUSED_FUNCTION = YES;
				GCC_WARN_UNUSED_VARIABLE = YES;
				IPHONEOS_DEPLOYMENT_TARGET = 9.2;
				MTL_ENABLE_DEBUG_INFO = NO;
				SDKROOT = iphoneos;
				TARGETED_DEVICE_FAMILY = "1,2";
				VALIDATE_PRODUCT = YES;
			};
			name = Release;
		};
		E2070C131C751D9C0087D8E9 /* Debug */ = {
			isa = XCBuildConfiguration;
			buildSettings = {
				ASSETCATALOG_COMPILER_APPICON_NAME = AppIcon;
				INFOPLIST_FILE = bmr/Info.plist;
				LD_RUNPATH_SEARCH_PATHS = "$(inherited) @executable_path/Frameworks";
				PRODUCT_BUNDLE_IDENTIFIER = edu.fullerton.ecs.ddana.bmr;
				PRODUCT_NAME = "$(TARGET_NAME)";
			};
			name = Debug;
		};
		E2070C141C751D9C0087D8E9 /* Release */ = {
			isa = XCBuildConfiguration;
			buildSettings = {
				ASSETCATALOG_COMPILER_APPICON_NAME = AppIcon;
				INFOPLIST_FILE = bmr/Info.plist;
				LD_RUNPATH_SEARCH_PATHS = "$(inherited) @executable_path/Frameworks";
				PRODUCT_BUNDLE_IDENTIFIER = edu.fullerton.ecs.ddana.bmr;
				PRODUCT_NAME = "$(TARGET_NAME)";
			};
			name = Release;
		};
/* End XCBuildConfiguration section */

/* Begin XCConfigurationList section */
		E2070BF61C751D9C0087D8E9 /* Build configuration list for PBXProject "bmr" */ = {
			isa = XCConfigurationList;
			buildConfigurations = (
				E2070C101C751D9C0087D8E9 /* Debug */,
				E2070C111C751D9C0087D8E9 /* Release */,
			);
			defaultConfigurationIsVisible = 0;
			defaultConfigurationName = Release;
		};
		E2070C121C751D9C0087D8E9 /* Build configuration list for PBXNativeTarget "bmr" */ = {
			isa = XCConfigurationList;
			buildConfigurations = (
				E2070C131C751D9C0087D8E9 /* Debug */,
				E2070C141C751D9C0087D8E9 /* Release */,
			);
			defaultConfigurationIsVisible = 0;
			defaultConfigurationName = Release;
		};
/* End XCConfigurationList section */
	};
	rootObject = E2070BF31C751D9C0087D8E9 /* Project object */;
}
